// !$*UTF8*$!
{
	archiveVersion = 1;
	classes = {
	};
	objectVersion = 50;
	objects = {

/* Begin PBXBuildFile section */
		811F221523601A4A00FC71FF /* AppDelegate.swift in Sources */ = {isa = PBXBuildFile; fileRef = 811F221423601A4A00FC71FF /* AppDelegate.swift */; };
		811F221723601A4A00FC71FF /* SceneDelegate.swift in Sources */ = {isa = PBXBuildFile; fileRef = 811F221623601A4A00FC71FF /* SceneDelegate.swift */; };
		811F221A23601A4A00FC71FF /* Gittest.xcdatamodeld in Sources */ = {isa = PBXBuildFile; fileRef = 811F221823601A4A00FC71FF /* Gittest.xcdatamodeld */; };
		811F221C23601A4A00FC71FF /* ContentView.swift in Sources */ = {isa = PBXBuildFile; fileRef = 811F221B23601A4A00FC71FF /* ContentView.swift */; };
		811F221E23601A4E00FC71FF /* Assets.xcassets in Resources */ = {isa = PBXBuildFile; fileRef = 811F221D23601A4E00FC71FF /* Assets.xcassets */; };
		811F222123601A4E00FC71FF /* Preview Assets.xcassets in Resources */ = {isa = PBXBuildFile; fileRef = 811F222023601A4E00FC71FF /* Preview Assets.xcassets */; };
		811F222423601A4E00FC71FF /* LaunchScreen.storyboard in Resources */ = {isa = PBXBuildFile; fileRef = 811F222223601A4E00FC71FF /* LaunchScreen.storyboard */; };
/* End PBXBuildFile section */

/* Begin PBXFileReference section */
		811F221123601A4A00FC71FF /* Gittest.app */ = {isa = PBXFileReference; explicitFileType = wrapper.application; includeInIndex = 0; path = Gittest.app; sourceTree = BUILT_PRODUCTS_DIR; };
		811F221423601A4A00FC71FF /* AppDelegate.swift */ = {isa = PBXFileReference; lastKnownFileType = sourcecode.swift; path = AppDelegate.swift; sourceTree = "<group>"; };
		811F221623601A4A00FC71FF /* SceneDelegate.swift */ = {isa = PBXFileReference; lastKnownFileType = sourcecode.swift; path = SceneDelegate.swift; sourceTree = "<group>"; };
		811F221923601A4A00FC71FF /* Gittest.xcdatamodel */ = {isa = PBXFileReference; lastKnownFileType = wrapper.xcdatamodel; path = Gittest.xcdatamodel; sourceTree = "<group>"; };
		811F221B23601A4A00FC71FF /* ContentView.swift */ = {isa = PBXFileReference; lastKnownFileType = sourcecode.swift; path = ContentView.swift; sourceTree = "<group>"; };
		811F221D23601A4E00FC71FF /* Assets.xcassets */ = {isa = PBXFileReference; lastKnownFileType = folder.assetcatalog; path = Assets.xcassets; sourceTree = "<group>"; };
		811F222023601A4E00FC71FF /* Preview Assets.xcassets */ = {isa = PBXFileReference; lastKnownFileType = folder.assetcatalog; path = "Preview Assets.xcassets"; sourceTree = "<group>"; };
		811F222323601A4E00FC71FF /* Base */ = {isa = PBXFileReference; lastKnownFileType = file.storyboard; name = Base; path = Base.lproj/LaunchScreen.storyboard; sourceTree = "<group>"; };
		811F222523601A4E00FC71FF /* Info.plist */ = {isa = PBXFileReference; lastKnownFileType = text.plist.xml; path = Info.plist; sourceTree = "<group>"; };
/* End PBXFileReference section */

/* Begin PBXFrameworksBuildPhase section */
		811F220E23601A4A00FC71FF /* Frameworks */ = {
			isa = PBXFrameworksBuildPhase;
			buildActionMask = 2147483647;
			files = (
			);
			runOnlyForDeploymentPostprocessing = 0;
		};
/* End PBXFrameworksBuildPhase section */

/* Begin PBXGroup section */
		811F220823601A4A00FC71FF = {
			isa = PBXGroup;
			children = (
				811F221323601A4A00FC71FF /* Gittest */,
				811F221223601A4A00FC71FF /* Products */,
			);
			sourceTree = "<group>";
		};
		811F221223601A4A00FC71FF /* Products */ = {
			isa = PBXGroup;
			children = (
				811F221123601A4A00FC71FF /* Gittest.app */,
			);
			name = Products;
			sourceTree = "<group>";
		};
		811F221323601A4A00FC71FF /* Gittest */ = {
			isa = PBXGroup;
			children = (
				811F221423601A4A00FC71FF /* AppDelegate.swift */,
				811F221623601A4A00FC71FF /* SceneDelegate.swift */,
				811F221B23601A4A00FC71FF /* ContentView.swift */,
				811F221D23601A4E00FC71FF /* Assets.xcassets */,
				811F222223601A4E00FC71FF /* LaunchScreen.storyboard */,
				811F222523601A4E00FC71FF /* Info.plist */,
				811F221823601A4A00FC71FF /* Gittest.xcdatamodeld */,
				811F221F23601A4E00FC71FF /* Preview Content */,
			);
			path = Gittest;
			sourceTree = "<group>";
		};
		811F221F23601A4E00FC71FF /* Preview Content */ = {
			isa = PBXGroup;
			children = (
				811F222023601A4E00FC71FF /* Preview Assets.xcassets */,
			);
			path = "Preview Content";
			sourceTree = "<group>";
		};
/* End PBXGroup section */

/* Begin PBXNativeTarget section */
		811F221023601A4A00FC71FF /* Gittest */ = {
			isa = PBXNativeTarget;
			buildConfigurationList = 811F222823601A4E00FC71FF /* Build configuration list for PBXNativeTarget "Gittest" */;
			buildPhases = (
				811F220D23601A4A00FC71FF /* Sources */,
				811F220E23601A4A00FC71FF /* Frameworks */,
				811F220F23601A4A00FC71FF /* Resources */,
			);
			buildRules = (
			);
			dependencies = (
			);
			name = Gittest;
			productName = Gittest;
			productReference = 811F221123601A4A00FC71FF /* Gittest.app */;
			productType = "com.apple.product-type.application";
		};
/* End PBXNativeTarget section */

/* Begin PBXProject section */
		811F220923601A4A00FC71FF /* Project object */ = {
			isa = PBXProject;
			attributes = {
				LastSwiftUpdateCheck = 1100;
				LastUpgradeCheck = 1100;
				ORGANIZATIONNAME = N1Development;
				TargetAttributes = {
					811F221023601A4A00FC71FF = {
						CreatedOnToolsVersion = 11.0;
					};
				};
			};
			buildConfigurationList = 811F220C23601A4A00FC71FF /* Build configuration list for PBXProject "Gittest" */;
			compatibilityVersion = "Xcode 9.3";
			developmentRegion = en;
			hasScannedForEncodings = 0;
			knownRegions = (
				en,
				Base,
			);
			mainGroup = 811F220823601A4A00FC71FF;
			productRefGroup = 811F221223601A4A00FC71FF /* Products */;
			projectDirPath = "";
			projectRoot = "";
			targets = (
				811F221023601A4A00FC71FF /* Gittest */,
			);
		};
/* End PBXProject section */

/* Begin PBXResourcesBuildPhase section */
		811F220F23601A4A00FC71FF /* Resources */ = {
			isa = PBXResourcesBuildPhase;
			buildActionMask = 2147483647;
			files = (
				811F222423601A4E00FC71FF /* LaunchScreen.storyboard in Resources */,
				811F222123601A4E00FC71FF /* Preview Assets.xcassets in Resources */,
				811F221E23601A4E00FC71FF /* Assets.xcassets in Resources */,
			);
			runOnlyForDeploymentPostprocessing = 0;
		};
/* End PBXResourcesBuildPhase section */

/* Begin PBXSourcesBuildPhase section */
		811F220D23601A4A00FC71FF /* Sources */ = {
			isa = PBXSourcesBuildPhase;
			buildActionMask = 2147483647;
			files = (
				811F221523601A4A00FC71FF /* AppDelegate.swift in Sources */,
				811F221A23601A4A00FC71FF /* Gittest.xcdatamodeld in Sources */,
				811F221C23601A4A00FC71FF /* ContentView.swift in Sources */,
				811F221723601A4A00FC71FF /* SceneDelegate.swift in Sources */,
			);
			runOnlyForDeploymentPostprocessing = 0;
		};
/* End PBXSourcesBuildPhase section */

/* Begin PBXVariantGroup section */
		811F222223601A4E00FC71FF /* LaunchScreen.storyboard */ = {
			isa = PBXVariantGroup;
			children = (
				811F222323601A4E00FC71FF /* Base */,
			);
			name = LaunchScreen.storyboard;
			sourceTree = "<group>";
		};
/* End PBXVariantGroup section */

/* Begin XCBuildConfiguration section */
		811F222623601A4E00FC71FF /* Debug */ = {
			isa = XCBuildConfiguration;
			buildSettings = {
				ALWAYS_SEARCH_USER_PATHS = NO;
				CLANG_ANALYZER_NONNULL = YES;
				CLANG_ANALYZER_NUMBER_OBJECT_CONVERSION = YES_AGGRESSIVE;
				CLANG_CXX_LANGUAGE_STANDARD = "gnu++14";
				CLANG_CXX_LIBRARY = "libc++";
				CLANG_ENABLE_MODULES = YES;
				CLANG_ENABLE_OBJC_ARC = YES;
				CLANG_ENABLE_OBJC_WEAK = YES;
				CLANG_WARN_BLOCK_CAPTURE_AUTORELEASING = YES;
				CLANG_WARN_BOOL_CONVERSION = YES;
				CLANG_WARN_COMMA = YES;
				CLANG_WARN_CONSTANT_CONVERSION = YES;
				CLANG_WARN_DEPRECATED_OBJC_IMPLEMENTATIONS = YES;
				CLANG_WARN_DIRECT_OBJC_ISA_USAGE = YES_ERROR;
				CLANG_WARN_DOCUMENTATION_COMMENTS = YES;
				CLANG_WARN_EMPTY_BODY = YES;
				CLANG_WARN_ENUM_CONVERSION = YES;
				CLANG_WARN_INFINITE_RECURSION = YES;
				CLANG_WARN_INT_CONVERSION = YES;
				CLANG_WARN_NON_LITERAL_NULL_CONVERSION = YES;
				CLANG_WARN_OBJC_IMPLICIT_RETAIN_SELF = YES;
				CLANG_WARN_OBJC_LITERAL_CONVERSION = YES;
				CLANG_WARN_OBJC_ROOT_CLASS = YES_ERROR;
				CLANG_WARN_RANGE_LOOP_ANALYSIS = YES;
				CLANG_WARN_STRICT_PROTOTYPES = YES;
				CLANG_WARN_SUSPICIOUS_MOVE = YES;
				CLANG_WARN_UNGUARDED_AVAILABILITY = YES_AGGRESSIVE;
				CLANG_WARN_UNREACHABLE_CODE = YES;
				CLANG_WARN__DUPLICATE_METHOD_MATCH = YES;
				COPY_PHASE_STRIP = NO;
				DEBUG_INFORMATION_FORMAT = dwarf;
				ENABLE_STRICT_OBJC_MSGSEND = YES;
				ENABLE_TESTABILITY = YES;
				GCC_C_LANGUAGE_STANDARD = gnu11;
				GCC_DYNAMIC_NO_PIC = NO;
				GCC_NO_COMMON_BLOCKS = YES;
				GCC_OPTIMIZATION_LEVEL = 0;
				GCC_PREPROCESSOR_DEFINITIONS = (
					"DEBUG=1",
					"$(inherited)",
				);
				GCC_WARN_64_TO_32_BIT_CONVERSION = YES;
				GCC_WARN_ABOUT_RETURN_TYPE = YES_ERROR;
				GCC_WARN_UNDECLARED_SELECTOR = YES;
				GCC_WARN_UNINITIALIZED_AUTOS = YES_AGGRESSIVE;
				GCC_WARN_UNUSED_FUNCTION = YES;
				GCC_WARN_UNUSED_VARIABLE = YES;
				IPHONEOS_DEPLOYMENT_TARGET = 13.0;
				MTL_ENABLE_DEBUG_INFO = INCLUDE_SOURCE;
				MTL_FAST_MATH = YES;
				ONLY_ACTIVE_ARCH = YES;
				SDKROOT = iphoneos;
				SWIFT_ACTIVE_COMPILATION_CONDITIONS = DEBUG;
				SWIFT_OPTIMIZATION_LEVEL = "-Onone";
			};
			name = Debug;
		};
		811F222723601A4E00FC71FF /* Release */ = {
			isa = XCBuildConfiguration;
			buildSettings = {
				ALWAYS_SEARCH_USER_PATHS = NO;
				CLANG_ANALYZER_NONNULL = YES;
				CLANG_ANALYZER_NUMBER_OBJECT_CONVERSION = YES_AGGRESSIVE;
				CLANG_CXX_LANGUAGE_STANDARD = "gnu++14";
				CLANG_CXX_LIBRARY = "libc++";
				CLANG_ENABLE_MODULES = YES;
				CLANG_ENABLE_OBJC_ARC = YES;
				CLANG_ENABLE_OBJC_WEAK = YES;
				CLANG_WARN_BLOCK_CAPTURE_AUTORELEASING = YES;
				CLANG_WARN_BOOL_CONVERSION = YES;
				CLANG_WARN_COMMA = YES;
				CLANG_WARN_CONSTANT_CONVERSION = YES;
				CLANG_WARN_DEPRECATED_OBJC_IMPLEMENTATIONS = YES;
				CLANG_WARN_DIRECT_OBJC_ISA_USAGE = YES_ERROR;
				CLANG_WARN_DOCUMENTATION_COMMENTS = YES;
				CLANG_WARN_EMPTY_BODY = YES;
				CLANG_WARN_ENUM_CONVERSION = YES;
				CLANG_WARN_INFINITE_RECURSION = YES;
				CLANG_WARN_INT_CONVERSION = YES;
				CLANG_WARN_NON_LITERAL_NULL_CONVERSION = YES;
				CLANG_WARN_OBJC_IMPLICIT_RETAIN_SELF = YES;
				CLANG_WARN_OBJC_LITERAL_CONVERSION = YES;
				CLANG_WARN_OBJC_ROOT_CLASS = YES_ERROR;
				CLANG_WARN_RANGE_LOOP_ANALYSIS = YES;
				CLANG_WARN_STRICT_PROTOTYPES = YES;
				CLANG_WARN_SUSPICIOUS_MOVE = YES;
				CLANG_WARN_UNGUARDED_AVAILABILITY = YES_AGGRESSIVE;
				CLANG_WARN_UNREACHABLE_CODE = YES;
				CLANG_WARN__DUPLICATE_METHOD_MATCH = YES;
				COPY_PHASE_STRIP = NO;
				DEBUG_INFORMATION_FORMAT = "dwarf-with-dsym";
				ENABLE_NS_ASSERTIONS = NO;
				ENABLE_STRICT_OBJC_MSGSEND = YES;
				GCC_C_LANGUAGE_STANDARD = gnu11;
				GCC_NO_COMMON_BLOCKS = YES;
				GCC_WARN_64_TO_32_BIT_CONVERSION = YES;
				GCC_WARN_ABOUT_RETURN_TYPE = YES_ERROR;
				GCC_WARN_UNDECLARED_SELECTOR = YES;
				GCC_WARN_UNINITIALIZED_AUTOS = YES_AGGRESSIVE;
				GCC_WARN_UNUSED_FUNCTION = YES;
				GCC_WARN_UNUSED_VARIABLE = YES;
				IPHONEOS_DEPLOYMENT_TARGET = 13.0;
				MTL_ENABLE_DEBUG_INFO = NO;
				MTL_FAST_MATH = YES;
				SDKROOT = iphoneos;
				SWIFT_COMPILATION_MODE = wholemodule;
				SWIFT_OPTIMIZATION_LEVEL = "-O";
				VALIDATE_PRODUCT = YES;
			};
			name = Release;
		};
		811F222923601A4E00FC71FF /* Debug */ = {
			isa = XCBuildConfiguration;
			buildSettings = {
				ASSETCATALOG_COMPILER_APPICON_NAME = AppIcon;
				CODE_SIGN_STYLE = Automatic;
				DEVELOPMENT_ASSET_PATHS = "\"Gittest/Preview Content\"";
				DEVELOPMENT_TEAM = 34CZ6672HF;
				ENABLE_PREVIEWS = YES;
				INFOPLIST_FILE = Gittest/Info.plist;
				LD_RUNPATH_SEARCH_PATHS = (
					"$(inherited)",
					"@executable_path/Frameworks",
				);
				PRODUCT_BUNDLE_IDENTIFIER = com.n1development.Gittest;
				PRODUCT_NAME = "$(TARGET_NAME)";
				SWIFT_VERSION = 5.0;
				TARGETED_DEVICE_FAMILY = "1,2";
			};
			name = Debug;
		};
		811F222A23601A4E00FC71FF /* Release */ = {
			isa = XCBuildConfiguration;
			buildSettings = {
				ASSETCATALOG_COMPILER_APPICON_NAME = AppIcon;
				CODE_SIGN_STYLE = Automatic;
				DEVELOPMENT_ASSET_PATHS = "\"Gittest/Preview Content\"";
				DEVELOPMENT_TEAM = 34CZ6672HF;
				ENABLE_PREVIEWS = YES;
				INFOPLIST_FILE = Gittest/Info.plist;
				LD_RUNPATH_SEARCH_PATHS = (
					"$(inherited)",
					"@executable_path/Frameworks",
				);
				PRODUCT_BUNDLE_IDENTIFIER = com.n1development.Gittest;
				PRODUCT_NAME = "$(TARGET_NAME)";
				SWIFT_VERSION = 5.0;
				TARGETED_DEVICE_FAMILY = "1,2";
			};
			name = Release;
		};
/* End XCBuildConfiguration section */

/* Begin XCConfigurationList section */
		811F220C23601A4A00FC71FF /* Build configuration list for PBXProject "Gittest" */ = {
			isa = XCConfigurationList;
			buildConfigurations = (
				811F222623601A4E00FC71FF /* Debug */,
				811F222723601A4E00FC71FF /* Release */,
			);
			defaultConfigurationIsVisible = 0;
			defaultConfigurationName = Release;
		};
		811F222823601A4E00FC71FF /* Build configuration list for PBXNativeTarget "Gittest" */ = {
			isa = XCConfigurationList;
			buildConfigurations = (
				811F222923601A4E00FC71FF /* Debug */,
				811F222A23601A4E00FC71FF /* Release */,
			);
			defaultConfigurationIsVisible = 0;
			defaultConfigurationName = Release;
		};
/* End XCConfigurationList section */

/* Begin XCVersionGroup section */
		811F221823601A4A00FC71FF /* Gittest.xcdatamodeld */ = {
			isa = XCVersionGroup;
			children = (
				811F221923601A4A00FC71FF /* Gittest.xcdatamodel */,
			);
			currentVersion = 811F221923601A4A00FC71FF /* Gittest.xcdatamodel */;
			path = Gittest.xcdatamodeld;
			sourceTree = "<group>";
			versionGroupType = wrapper.xcdatamodel;
		};
/* End XCVersionGroup section */
	};
	rootObject = 811F220923601A4A00FC71FF /* Project object */;
}
